
Microsoft Visual Studio Solution File, Format Version 12.00
# Visual Studio Version 16
VisualStudioVersion = 16.0.31410.357
MinimumVisualStudioVersion = 10.0.40219.1
Project("{FAE04EC0-301F-11D3-BF4B-00C04F79EFBC}") = "GeoMapDemo", "GeoMapDemo\GeoMapDemo.csproj", "{94840381-D8B6-4CDD-878A-A63C9ADFB3F2}"
EndProject
Project("{FAE04EC0-301F-11D3-BF4B-00C04F79EFBC}") = "GeoMap", "GeoMap\GeoMap.csproj", "{763027D7-4B72-4273-9DCC-43EEE57B4BB3}"
EndProject
Global
	GlobalSection(SolutionConfigurationPlatforms) = preSolution
		Debug|Any CPU = Debug|Any CPU
		Release|Any CPU = Release|Any CPU
	EndGlobalSection
	GlobalSection(ProjectConfigurationPlatforms) = postSolution
		{94840381-D8B6-4CDD-878A-A63C9ADFB3F2}.Debug|Any CPU.ActiveCfg = Debug|Any CPU
		{94840381-D8B6-4CDD-878A-A63C9ADFB3F2}.Debug|Any CPU.Build.0 = Debug|Any CPU
		{94840381-D8B6-4CDD-878A-A63C9ADFB3F2}.Release|Any CPU.ActiveCfg = Release|Any CPU
		{94840381-D8B6-4CDD-878A-A63C9ADFB3F2}.Release|Any CPU.Build.0 = Release|Any CPU
		{763027D7-4B72-4273-9DCC-43EEE57B4BB3}.Debug|Any CPU.ActiveCfg = Debug|Any CPU
		{763027D7-4B72-4273-9DCC-43EEE57B4BB3}.Debug|Any CPU.Build.0 = Debug|Any CPU
		{763027D7-4B72-4273-9DCC-43EEE57B4BB3}.Release|Any CPU.ActiveCfg = Release|Any CPU
		{763027D7-4B72-4273-9DCC-43EEE57B4BB3}.Release|Any CPU.Build.0 = Release|Any CPU
	EndGlobalSection
	GlobalSection(SolutionProperties) = preSolution
		HideSolutionNode = FALSE
	EndGlobalSection
	GlobalSection(ExtensibilityGlobals) = postSolution
		SolutionGuid = {0FF1356F-D81C-4DF9-8AD6-F667E9BFF2DF}
	EndGlobalSection
EndGlobal
